// !$*UTF8*$!
{
	archiveVersion = 1;
	classes = {
	};
	objectVersion = 46;
	objects = {

/* Begin PBXBuildFile section */
		A431788F1C627CD7006AE93F /* AppDelegate.swift in Sources */ = {isa = PBXBuildFile; fileRef = A431788E1C627CD7006AE93F /* AppDelegate.swift */; };
		A43178911C627CD7006AE93F /* ViewController.swift in Sources */ = {isa = PBXBuildFile; fileRef = A43178901C627CD7006AE93F /* ViewController.swift */; };
		A43178941C627CD7006AE93F /* Main.storyboard in Resources */ = {isa = PBXBuildFile; fileRef = A43178921C627CD7006AE93F /* Main.storyboard */; };
		A43178961C627CD7006AE93F /* Assets.xcassets in Resources */ = {isa = PBXBuildFile; fileRef = A43178951C627CD7006AE93F /* Assets.xcassets */; };
		A43178991C627CD7006AE93F /* LaunchScreen.storyboard in Resources */ = {isa = PBXBuildFile; fileRef = A43178971C627CD7006AE93F /* LaunchScreen.storyboard */; };
/* End PBXBuildFile section */

/* Begin PBXFileReference section */
		A431788B1C627CD7006AE93F /* hideBallons.app */ = {isa = PBXFileReference; explicitFileType = wrapper.application; includeInIndex = 0; path = hideBallons.app; sourceTree = BUILT_PRODUCTS_DIR; };
		A431788E1C627CD7006AE93F /* AppDelegate.swift */ = {isa = PBXFileReference; lastKnownFileType = sourcecode.swift; path = AppDelegate.swift; sourceTree = "<group>"; };
		A43178901C627CD7006AE93F /* ViewController.swift */ = {isa = PBXFileReference; lastKnownFileType = sourcecode.swift; path = ViewController.swift; sourceTree = "<group>"; };
		A43178931C627CD7006AE93F /* Base */ = {isa = PBXFileReference; lastKnownFileType = file.storyboard; name = Base; path = Base.lproj/Main.storyboard; sourceTree = "<group>"; };
		A43178951C627CD7006AE93F /* Assets.xcassets */ = {isa = PBXFileReference; lastKnownFileType = folder.assetcatalog; path = Assets.xcassets; sourceTree = "<group>"; };
		A43178981C627CD7006AE93F /* Base */ = {isa = PBXFileReference; lastKnownFileType = file.storyboard; name = Base; path = Base.lproj/LaunchScreen.storyboard; sourceTree = "<group>"; };
		A431789A1C627CD7006AE93F /* Info.plist */ = {isa = PBXFileReference; lastKnownFileType = text.plist.xml; path = Info.plist; sourceTree = "<group>"; };
/* End PBXFileReference section */

/* Begin PBXFrameworksBuildPhase section */
		A43178881C627CD7006AE93F /* Frameworks */ = {
			isa = PBXFrameworksBuildPhase;
			buildActionMask = 2147483647;
			files = (
			);
			runOnlyForDeploymentPostprocessing = 0;
		};
/* End PBXFrameworksBuildPhase section */

/* Begin PBXGroup section */
		A43178821C627CD7006AE93F = {
			isa = PBXGroup;
			children = (
				A431788D1C627CD7006AE93F /* hideBallons */,
				A431788C1C627CD7006AE93F /* Products */,
			);
			sourceTree = "<group>";
		};
		A431788C1C627CD7006AE93F /* Products */ = {
			isa = PBXGroup;
			children = (
				A431788B1C627CD7006AE93F /* hideBallons.app */,
			);
			name = Products;
			sourceTree = "<group>";
		};
		A431788D1C627CD7006AE93F /* hideBallons */ = {
			isa = PBXGroup;
			children = (
				A431788E1C627CD7006AE93F /* AppDelegate.swift */,
				A43178901C627CD7006AE93F /* ViewController.swift */,
				A43178921C627CD7006AE93F /* Main.storyboard */,
				A43178951C627CD7006AE93F /* Assets.xcassets */,
				A43178971C627CD7006AE93F /* LaunchScreen.storyboard */,
				A431789A1C627CD7006AE93F /* Info.plist */,
			);
			path = hideBallons;
			sourceTree = "<group>";
		};
/* End PBXGroup section */

/* Begin PBXNativeTarget section */
		A431788A1C627CD7006AE93F /* hideBallons */ = {
			isa = PBXNativeTarget;
			buildConfigurationList = A431789D1C627CD7006AE93F /* Build configuration list for PBXNativeTarget "hideBallons" */;
			buildPhases = (
				A43178871C627CD7006AE93F /* Sources */,
				A43178881C627CD7006AE93F /* Frameworks */,
				A43178891C627CD7006AE93F /* Resources */,
			);
			buildRules = (
			);
			dependencies = (
			);
			name = hideBallons;
			productName = hideBallons;
			productReference = A431788B1C627CD7006AE93F /* hideBallons.app */;
			productType = "com.apple.product-type.application";
		};
/* End PBXNativeTarget section */

/* Begin PBXProject section */
		A43178831C627CD7006AE93F /* Project object */ = {
			isa = PBXProject;
			attributes = {
				LastSwiftUpdateCheck = 0720;
				LastUpgradeCheck = 0720;
				ORGANIZATIONNAME = "Stephen Labedz";
				TargetAttributes = {
					A431788A1C627CD7006AE93F = {
						CreatedOnToolsVersion = 7.2;
						DevelopmentTeam = M57SRBP43U;
					};
				};
			};
			buildConfigurationList = A43178861C627CD7006AE93F /* Build configuration list for PBXProject "hideBallons" */;
			compatibilityVersion = "Xcode 3.2";
			developmentRegion = English;
			hasScannedForEncodings = 0;
			knownRegions = (
				en,
				Base,
			);
			mainGroup = A43178821C627CD7006AE93F;
			productRefGroup = A431788C1C627CD7006AE93F /* Products */;
			projectDirPath = "";
			projectRoot = "";
			targets = (
				A431788A1C627CD7006AE93F /* hideBallons */,
			);
		};
/* End PBXProject section */

/* Begin PBXResourcesBuildPhase section */
		A43178891C627CD7006AE93F /* Resources */ = {
			isa = PBXResourcesBuildPhase;
			buildActionMask = 2147483647;
			files = (
				A43178991C627CD7006AE93F /* LaunchScreen.storyboard in Resources */,
				A43178961C627CD7006AE93F /* Assets.xcassets in Resources */,
				A43178941C627CD7006AE93F /* Main.storyboard in Resources */,
			);
			runOnlyForDeploymentPostprocessing = 0;
		};
/* End PBXResourcesBuildPhase section */

/* Begin PBXSourcesBuildPhase section */
		A43178871C627CD7006AE93F /* Sources */ = {
			isa = PBXSourcesBuildPhase;
			buildActionMask = 2147483647;
			files = (
				A43178911C627CD7006AE93F /* ViewController.swift in Sources */,
				A431788F1C627CD7006AE93F /* AppDelegate.swift in Sources */,
			);
			runOnlyForDeploymentPostprocessing = 0;
		};
/* End PBXSourcesBuildPhase section */

/* Begin PBXVariantGroup section */
		A43178921C627CD7006AE93F /* Main.storyboard */ = {
			isa = PBXVariantGroup;
			children = (
				A43178931C627CD7006AE93F /* Base */,
			);
			name = Main.storyboard;
			sourceTree = "<group>";
		};
		A43178971C627CD7006AE93F /* LaunchScreen.storyboard */ = {
			isa = PBXVariantGroup;
			children = (
				A43178981C627CD7006AE93F /* Base */,
			);
			name = LaunchScreen.storyboard;
			sourceTree = "<group>";
		};
/* End PBXVariantGroup section */

/* Begin XCBuildConfiguration section */
		A431789B1C627CD7006AE93F /* Debug */ = {
			isa = XCBuildConfiguration;
			buildSettings = {
				ALWAYS_SEARCH_USER_PATHS = NO;
				CLANG_CXX_LANGUAGE_STANDARD = "gnu++0x";
				CLANG_CXX_LIBRARY = "libc++";
				CLANG_ENABLE_MODULES = YES;
				CLANG_ENABLE_OBJC_ARC = YES;
				CLANG_WARN_BOOL_CONVERSION = YES;
				CLANG_WARN_CONSTANT_CONVERSION = YES;
				CLANG_WARN_DIRECT_OBJC_ISA_USAGE = YES_ERROR;
				CLANG_WARN_EMPTY_BODY = YES;
				CLANG_WARN_ENUM_CONVERSION = YES;
				CLANG_WARN_INT_CONVERSION = YES;
				CLANG_WARN_OBJC_ROOT_CLASS = YES_ERROR;
				CLANG_WARN_UNREACHABLE_CODE = YES;
				CLANG_WARN__DUPLICATE_METHOD_MATCH = YES;
				"CODE_SIGN_IDENTITY[sdk=iphoneos*]" = "iPhone Developer";
				COPY_PHASE_STRIP = NO;
				DEBUG_INFORMATION_FORMAT = dwarf;
				ENABLE_STRICT_OBJC_MSGSEND = YES;
				ENABLE_TESTABILITY = YES;
				GCC_C_LANGUAGE_STANDARD = gnu99;
				GCC_DYNAMIC_NO_PIC = NO;
				GCC_NO_COMMON_BLOCKS = YES;
				GCC_OPTIMIZATION_LEVEL = 0;
				GCC_PREPROCESSOR_DEFINITIONS = (
					"DEBUG=1",
					"$(inherited)",
				);
				GCC_WARN_64_TO_32_BIT_CONVERSION = YES;
				GCC_WARN_ABOUT_RETURN_TYPE = YES_ERROR;
				GCC_WARN_UNDECLARED_SELECTOR = YES;
				GCC_WARN_UNINITIALIZED_AUTOS = YES_AGGRESSIVE;
				GCC_WARN_UNUSED_FUNCTION = YES;
				GCC_WARN_UNUSED_VARIABLE = YES;
				IPHONEOS_DEPLOYMENT_TARGET = 9.2;
				MTL_ENABLE_DEBUG_INFO = YES;
				ONLY_ACTIVE_ARCH = YES;
				SDKROOT = iphoneos;
				SWIFT_OPTIMIZATION_LEVEL = "-Onone";
			};
			name = Debug;
		};
		A431789C1C627CD7006AE93F /* Release */ = {
			isa = XCBuildConfiguration;
			buildSettings = {
				ALWAYS_SEARCH_USER_PATHS = NO;
				CLANG_CXX_LANGUAGE_STANDARD = "gnu++0x";
				CLANG_CXX_LIBRARY = "libc++";
				CLANG_ENABLE_MODULES = YES;
				CLANG_ENABLE_OBJC_ARC = YES;
				CLANG_WARN_BOOL_CONVERSION = YES;
				CLANG_WARN_CONSTANT_CONVERSION = YES;
				CLANG_WARN_DIRECT_OBJC_ISA_USAGE = YES_ERROR;
				CLANG_WARN_EMPTY_BODY = YES;
				CLANG_WARN_ENUM_CONVERSION = YES;
				CLANG_WARN_INT_CONVERSION = YES;
				CLANG_WARN_OBJC_ROOT_CLASS = YES_ERROR;
				CLANG_WARN_UNREACHABLE_CODE = YES;
				CLANG_WARN__DUPLICATE_METHOD_MATCH = YES;
				"CODE_SIGN_IDENTITY[sdk=iphoneos*]" = "iPhone Developer";
				COPY_PHASE_STRIP = NO;
				DEBUG_INFORMATION_FORMAT = "dwarf-with-dsym";
				ENABLE_NS_ASSERTIONS = NO;
				ENABLE_STRICT_OBJC_MSGSEND = YES;
				GCC_C_LANGUAGE_STANDARD = gnu99;
				GCC_NO_COMMON_BLOCKS = YES;
				GCC_WARN_64_TO_32_BIT_CONVERSION = YES;
				GCC_WARN_ABOUT_RETURN_TYPE = YES_ERROR;
				GCC_WARN_UNDECLARED_SELECTOR = YES;
				GCC_WARN_UNINITIALIZED_AUTOS = YES_AGGRESSIVE;
				GCC_WARN_UNUSED_FUNCTION = YES;
				GCC_WARN_UNUSED_VARIABLE = YES;
				IPHONEOS_DEPLOYMENT_TARGET = 9.2;
				MTL_ENABLE_DEBUG_INFO = NO;
				SDKROOT = iphoneos;
				VALIDATE_PRODUCT = YES;
			};
			name = Release;
		};
		A431789E1C627CD7006AE93F /* Debug */ = {
			isa = XCBuildConfiguration;
			buildSettings = {
				ASSETCATALOG_COMPILER_APPICON_NAME = AppIcon;
				INFOPLIST_FILE = hideBallons/Info.plist;
				LD_RUNPATH_SEARCH_PATHS = "$(inherited) @executable_path/Frameworks";
				PRODUCT_BUNDLE_IDENTIFIER = com.designmind.hideBallons;
				PRODUCT_NAME = "$(TARGET_NAME)";
			};
			name = Debug;
		};
		A431789F1C627CD7006AE93F /* Release */ = {
			isa = XCBuildConfiguration;
			buildSettings = {
				ASSETCATALOG_COMPILER_APPICON_NAME = AppIcon;
				INFOPLIST_FILE = hideBallons/Info.plist;
				LD_RUNPATH_SEARCH_PATHS = "$(inherited) @executable_path/Frameworks";
				PRODUCT_BUNDLE_IDENTIFIER = com.designmind.hideBallons;
				PRODUCT_NAME = "$(TARGET_NAME)";
			};
			name = Release;
		};
/* End XCBuildConfiguration section */

/* Begin XCConfigurationList section */
		A43178861C627CD7006AE93F /* Build configuration list for PBXProject "hideBallons" */ = {
			isa = XCConfigurationList;
			buildConfigurations = (
				A431789B1C627CD7006AE93F /* Debug */,
				A431789C1C627CD7006AE93F /* Release */,
			);
			defaultConfigurationIsVisible = 0;
			defaultConfigurationName = Release;
		};
		A431789D1C627CD7006AE93F /* Build configuration list for PBXNativeTarget "hideBallons" */ = {
			isa = XCConfigurationList;
			buildConfigurations = (
				A431789E1C627CD7006AE93F /* Debug */,
				A431789F1C627CD7006AE93F /* Release */,
			);
			defaultConfigurationIsVisible = 0;
		};
/* End XCConfigurationList section */
	};
	rootObject = A43178831C627CD7006AE93F /* Project object */;
}
